
Microsoft Visual Studio Solution File, Format Version 12.00
# Visual Studio Version 16
VisualStudioVersion = 16.0.30907.101
MinimumVisualStudioVersion = 10.0.40219.1
Project("{9A19103F-16F7-4668-BE54-9A1E7A4F7556}") = "kamp", "kamp\kamp.csproj", "{5AE7168A-3B50-4242-ACC0-344EBBAA4903}"
EndProject
Project("{9A19103F-16F7-4668-BE54-9A1E7A4F7556}") = "donguler", "donguler\donguler.csproj", "{9F1395C6-D925-439D-BB7A-1D260AF5A5E8}"
EndProject
Project("{9A19103F-16F7-4668-BE54-9A1E7A4F7556}") = "classIntro", "classIntro\classIntro.csproj", "{67D8A2F2-0A49-448A-B695-0A5E40F1EF55}"
EndProject
Project("{9A19103F-16F7-4668-BE54-9A1E7A4F7556}") = "KendiCalismalarim", "KendiCalismalarim\KendiCalismalarim.csproj", "{431D1981-D0B3-48A8-8DF7-4C0D0B8384E8}"
EndProject
Project("{9A19103F-16F7-4668-BE54-9A1E7A4F7556}") = "metotlar", "metotlar\metotlar.csproj", "{3A2B09A3-1118-4A75-9501-416A30FB28F5}"
EndProject
Project("{9A19103F-16F7-4668-BE54-9A1E7A4F7556}") = "Matematik", "Matematik\Matematik.csproj", "{CB86FAC4-6B24-4A03-8FD2-712F65A0C0DC}"
EndProject
Project("{9A19103F-16F7-4668-BE54-9A1E7A4F7556}") = "DegerveReferansTipler", "DegerveReferansTipler\DegerveReferansTipler.csproj", "{45A05831-C16F-4576-9A69-157E7C93AB6A}"
EndProject
Project("{9A19103F-16F7-4668-BE54-9A1E7A4F7556}") = "OOP1", "OOP1\OOP1.csproj", "{F02627E6-699F-4676-8385-C681DA0F6FBB}"
EndProject
Project("{9A19103F-16F7-4668-BE54-9A1E7A4F7556}") = "Metotlar2", "Metotlar2\Metotlar2.csproj", "{A0EB9A52-EF58-4C45-880C-D4BD5F7C4323}"
EndProject
Project("{9A19103F-16F7-4668-BE54-9A1E7A4F7556}") = "Koleksiyonlar", "Koleksiyonlar\Koleksiyonlar.csproj", "{AFB70DFB-1884-45B1-8F84-206B37607551}"
EndProject
Project("{9A19103F-16F7-4668-BE54-9A1E7A4F7556}") = "GenericIntro", "GenericIntro\GenericIntro.csproj", "{F9483845-9040-41E7-B104-31C83FF26578}"
EndProject
Project("{9A19103F-16F7-4668-BE54-9A1E7A4F7556}") = "ReferenceTypes", "ReferenceTypes\ReferenceTypes.csproj", "{A74E9451-C88A-4A59-8E14-DD7140F2D75F}"
EndProject
Project("{9A19103F-16F7-4668-BE54-9A1E7A4F7556}") = "Constructors", "Constructors\Constructors.csproj", "{1D4A89ED-F018-40C3-84E3-28DBE7DD6C6E}"
EndProject
Project("{FAE04EC0-301F-11D3-BF4B-00C04F79EFBC}") = "Generics", "Generics\Generics.csproj", "{5F5FE449-029D-4F2B-86F8-FAF188C01E9E}"
EndProject
Global
	GlobalSection(SolutionConfigurationPlatforms) = preSolution
		Debug|Any CPU = Debug|Any CPU
		Release|Any CPU = Release|Any CPU
	EndGlobalSection
	GlobalSection(ProjectConfigurationPlatforms) = postSolution
		{5AE7168A-3B50-4242-ACC0-344EBBAA4903}.Debug|Any CPU.ActiveCfg = Debug|Any CPU
		{5AE7168A-3B50-4242-ACC0-344EBBAA4903}.Debug|Any CPU.Build.0 = Debug|Any CPU
		{5AE7168A-3B50-4242-ACC0-344EBBAA4903}.Release|Any CPU.ActiveCfg = Release|Any CPU
		{5AE7168A-3B50-4242-ACC0-344EBBAA4903}.Release|Any CPU.Build.0 = Release|Any CPU
		{9F1395C6-D925-439D-BB7A-1D260AF5A5E8}.Debug|Any CPU.ActiveCfg = Debug|Any CPU
		{9F1395C6-D925-439D-BB7A-1D260AF5A5E8}.Debug|Any CPU.Build.0 = Debug|Any CPU
		{9F1395C6-D925-439D-BB7A-1D260AF5A5E8}.Release|Any CPU.ActiveCfg = Release|Any CPU
		{9F1395C6-D925-439D-BB7A-1D260AF5A5E8}.Release|Any CPU.Build.0 = Release|Any CPU
		{67D8A2F2-0A49-448A-B695-0A5E40F1EF55}.Debug|Any CPU.ActiveCfg = Debug|Any CPU
		{67D8A2F2-0A49-448A-B695-0A5E40F1EF55}.Debug|Any CPU.Build.0 = Debug|Any CPU
		{67D8A2F2-0A49-448A-B695-0A5E40F1EF55}.Release|Any CPU.ActiveCfg = Release|Any CPU
		{67D8A2F2-0A49-448A-B695-0A5E40F1EF55}.Release|Any CPU.Build.0 = Release|Any CPU
		{431D1981-D0B3-48A8-8DF7-4C0D0B8384E8}.Debug|Any CPU.ActiveCfg = Debug|Any CPU
		{431D1981-D0B3-48A8-8DF7-4C0D0B8384E8}.Debug|Any CPU.Build.0 = Debug|Any CPU
		{431D1981-D0B3-48A8-8DF7-4C0D0B8384E8}.Release|Any CPU.ActiveCfg = Release|Any CPU
		{431D1981-D0B3-48A8-8DF7-4C0D0B8384E8}.Release|Any CPU.Build.0 = Release|Any CPU
		{3A2B09A3-1118-4A75-9501-416A30FB28F5}.Debug|Any CPU.ActiveCfg = Debug|Any CPU
		{3A2B09A3-1118-4A75-9501-416A30FB28F5}.Debug|Any CPU.Build.0 = Debug|Any CPU
		{3A2B09A3-1118-4A75-9501-416A30FB28F5}.Release|Any CPU.ActiveCfg = Release|Any CPU
		{3A2B09A3-1118-4A75-9501-416A30FB28F5}.Release|Any CPU.Build.0 = Release|Any CPU
		{CB86FAC4-6B24-4A03-8FD2-712F65A0C0DC}.Debug|Any CPU.ActiveCfg = Debug|Any CPU
		{CB86FAC4-6B24-4A03-8FD2-712F65A0C0DC}.Debug|Any CPU.Build.0 = Debug|Any CPU
		{CB86FAC4-6B24-4A03-8FD2-712F65A0C0DC}.Release|Any CPU.ActiveCfg = Release|Any CPU
		{CB86FAC4-6B24-4A03-8FD2-712F65A0C0DC}.Release|Any CPU.Build.0 = Release|Any CPU
		{45A05831-C16F-4576-9A69-157E7C93AB6A}.Debug|Any CPU.ActiveCfg = Debug|Any CPU
		{45A05831-C16F-4576-9A69-157E7C93AB6A}.Debug|Any CPU.Build.0 = Debug|Any CPU
		{45A05831-C16F-4576-9A69-157E7C93AB6A}.Release|Any CPU.ActiveCfg = Release|Any CPU
		{45A05831-C16F-4576-9A69-157E7C93AB6A}.Release|Any CPU.Build.0 = Release|Any CPU
		{F02627E6-699F-4676-8385-C681DA0F6FBB}.Debug|Any CPU.ActiveCfg = Debug|Any CPU
		{F02627E6-699F-4676-8385-C681DA0F6FBB}.Debug|Any CPU.Build.0 = Debug|Any CPU
		{F02627E6-699F-4676-8385-C681DA0F6FBB}.Release|Any CPU.ActiveCfg = Release|Any CPU
		{F02627E6-699F-4676-8385-C681DA0F6FBB}.Release|Any CPU.Build.0 = Release|Any CPU
		{A0EB9A52-EF58-4C45-880C-D4BD5F7C4323}.Debug|Any CPU.ActiveCfg = Debug|Any CPU
		{A0EB9A52-EF58-4C45-880C-D4BD5F7C4323}.Debug|Any CPU.Build.0 = Debug|Any CPU
		{A0EB9A52-EF58-4C45-880C-D4BD5F7C4323}.Release|Any CPU.ActiveCfg = Release|Any CPU
		{A0EB9A52-EF58-4C45-880C-D4BD5F7C4323}.Release|Any CPU.Build.0 = Release|Any CPU
		{AFB70DFB-1884-45B1-8F84-206B37607551}.Debug|Any CPU.ActiveCfg = Debug|Any CPU
		{AFB70DFB-1884-45B1-8F84-206B37607551}.Debug|Any CPU.Build.0 = Debug|Any CPU
		{AFB70DFB-1884-45B1-8F84-206B37607551}.Release|Any CPU.ActiveCfg = Release|Any CPU
		{AFB70DFB-1884-45B1-8F84-206B37607551}.Release|Any CPU.Build.0 = Release|Any CPU
		{F9483845-9040-41E7-B104-31C83FF26578}.Debug|Any CPU.ActiveCfg = Debug|Any CPU
		{F9483845-9040-41E7-B104-31C83FF26578}.Debug|Any CPU.Build.0 = Debug|Any CPU
		{F9483845-9040-41E7-B104-31C83FF26578}.Release|Any CPU.ActiveCfg = Release|Any CPU
		{F9483845-9040-41E7-B104-31C83FF26578}.Release|Any CPU.Build.0 = Release|Any CPU
		{A74E9451-C88A-4A59-8E14-DD7140F2D75F}.Debug|Any CPU.ActiveCfg = Debug|Any CPU
		{A74E9451-C88A-4A59-8E14-DD7140F2D75F}.Debug|Any CPU.Build.0 = Debug|Any CPU
		{A74E9451-C88A-4A59-8E14-DD7140F2D75F}.Release|Any CPU.ActiveCfg = Release|Any CPU
		{A74E9451-C88A-4A59-8E14-DD7140F2D75F}.Release|Any CPU.Build.0 = Release|Any CPU
		{1D4A89ED-F018-40C3-84E3-28DBE7DD6C6E}.Debug|Any CPU.ActiveCfg = Debug|Any CPU
		{1D4A89ED-F018-40C3-84E3-28DBE7DD6C6E}.Debug|Any CPU.Build.0 = Debug|Any CPU
		{1D4A89ED-F018-40C3-84E3-28DBE7DD6C6E}.Release|Any CPU.ActiveCfg = Release|Any CPU
		{1D4A89ED-F018-40C3-84E3-28DBE7DD6C6E}.Release|Any CPU.Build.0 = Release|Any CPU
		{5F5FE449-029D-4F2B-86F8-FAF188C01E9E}.Debug|Any CPU.ActiveCfg = Debug|Any CPU
		{5F5FE449-029D-4F2B-86F8-FAF188C01E9E}.Debug|Any CPU.Build.0 = Debug|Any CPU
		{5F5FE449-029D-4F2B-86F8-FAF188C01E9E}.Release|Any CPU.ActiveCfg = Release|Any CPU
		{5F5FE449-029D-4F2B-86F8-FAF188C01E9E}.Release|Any CPU.Build.0 = Release|Any CPU
	EndGlobalSection
	GlobalSection(SolutionProperties) = preSolution
		HideSolutionNode = FALSE
	EndGlobalSection
	GlobalSection(ExtensibilityGlobals) = postSolution
		SolutionGuid = {10ABA33E-E272-40D1-84A0-F3462627C9C1}
	EndGlobalSection
EndGlobal
